
Microsoft Visual Studio Solution File, Format Version 12.00
# Visual Studio Version 16
VisualStudioVersion = 25.0.1700.0
MinimumVisualStudioVersion = 10.0.40219.1
Project("{FAE04EC0-301F-11D3-BF4B-00C04F79EFBC}") = "Passports", "Passports\Passports.csproj", "{64323ECE-933C-43D3-BFD0-D928A19D9DC4}"
EndProject
Global
	GlobalSection(SolutionConfigurationPlatforms) = preSolution
		Debug|Any CPU = Debug|Any CPU
		Release|Any CPU = Release|Any CPU
	EndGlobalSection
	GlobalSection(ProjectConfigurationPlatforms) = postSolution
		{64323ECE-933C-43D3-BFD0-D928A19D9DC4}.Debug|Any CPU.ActiveCfg = Debug|Any CPU
		{64323ECE-933C-43D3-BFD0-D928A19D9DC4}.Debug|Any CPU.Build.0 = Debug|Any CPU
		{64323ECE-933C-43D3-BFD0-D928A19D9DC4}.Release|Any CPU.ActiveCfg = Release|Any CPU
		{64323ECE-933C-43D3-BFD0-D928A19D9DC4}.Release|Any CPU.Build.0 = Release|Any CPU
	EndGlobalSection
	GlobalSection(SolutionProperties) = preSolution
		HideSolutionNode = FALSE
	EndGlobalSection
	GlobalSection(ExtensibilityGlobals) = postSolution
		SolutionGuid = {8AEDCB2B-6A23-4EAF-9935-5306B04ECFB9}
	EndGlobalSection
EndGlobal
